{
  "version": 4,
  "terraform_version": "1.3.0",
  "serial": 68,
  "lineage": "c561ca82-29b4-c743-6de9-a448278c4b55",
  "outputs": {},
  "resources": [
    {
      "mode": "managed",
      "type": "azurerm_application_insights",
      "name": "appi",
      "provider": "provider[\"registry.terraform.io/hashicorp/azurerm\"]",
      "instances": [
        {
          "schema_version": 1,
          "attributes": {
            "app_id": "2193137b-6149-43b7-b0ac-d9a2f9a6ffe1",
            "application_type": "web",
            "connection_string": "InstrumentationKey=aedcdfca-0bbb-4600-b3f8-2508d4b19dea;IngestionEndpoint=https://eastus2-0.in.applicationinsights.azure.com/;LiveEndpoint=https://eastus2.livediagnostics.monitor.azure.com/",
            "daily_data_cap_in_gb": 100,
            "daily_data_cap_notifications_disabled": false,
            "disable_ip_masking": false,
            "force_customer_storage_for_profiler": false,
            "id": "/subscriptions/5b7c7b3a-c7a9-4141-9c89-eb824610fa6f/resourceGroups/RG-PROD-01/providers/Microsoft.Insights/components/tf-test-appinsights",
            "instrumentation_key": "aedcdfca-0bbb-4600-b3f8-2508d4b19dea",
            "internet_ingestion_enabled": true,
            "internet_query_enabled": true,
            "local_authentication_disabled": false,
            "location": "eastus2",
            "name": "tf-test-appinsights",
            "resource_group_name": "RG-PROD-01",
            "retention_in_days": 90,
            "sampling_percentage": 100,
            "tags": {},
            "timeouts": null,
            "workspace_id": null
          },
          "sensitive_attributes": [],
          "private": "eyJlMmJmYjczMC1lY2FhLTExZTYtOGY4OC0zNDM2M2JjN2M0YzAiOnsiY3JlYXRlIjozNjAwMDAwMDAwMDAwLCJkZWxldGUiOjE4MDAwMDAwMDAwMDAsInJlYWQiOjMwMDAwMDAwMDAwMCwidXBkYXRlIjoxODAwMDAwMDAwMDAwfSwic2NoZW1hX3ZlcnNpb24iOiIxIn0=",
          "dependencies": [
            "azurerm_resource_group.RG-PROD-01"
          ]
        }
      ]
    },
    {
      "mode": "managed",
      "type": "azurerm_backup_policy_vm",
      "name": "backup-policy",
      "provider": "provider[\"registry.terraform.io/hashicorp/azurerm\"]",
      "instances": [
        {
          "schema_version": 0,
          "attributes": {
            "backup": [
              {
                "frequency": "Daily",
                "hour_duration": 0,
                "hour_interval": 0,
                "time": "23:00",
                "weekdays": []
              }
            ],
            "id": "/subscriptions/5b7c7b3a-c7a9-4141-9c89-eb824610fa6f/resourceGroups/RG-PROD-01/providers/Microsoft.RecoveryServices/vaults/tfex-recovery-vault/backupPolicies/tfex-recovery-vault-policy",
            "instant_restore_retention_days": 2,
            "name": "tfex-recovery-vault-policy",
            "policy_type": "V1",
            "recovery_vault_name": "tfex-recovery-vault",
            "resource_group_name": "RG-PROD-01",
            "retention_daily": [
              {
                "count": 10
              }
            ],
            "retention_monthly": [
              {
                "count": 7,
                "weekdays": [
                  "Sunday",
                  "Wednesday"
                ],
                "weeks": [
                  "First",
                  "Last"
                ]
              }
            ],
            "retention_weekly": [
              {
                "count": 42,
                "weekdays": [
                  "Friday",
                  "Saturday",
                  "Sunday",
                  "Wednesday"
                ]
              }
            ],
            "retention_yearly": [
              {
                "count": 77,
                "months": [
                  "January"
                ],
                "weekdays": [
                  "Sunday"
                ],
                "weeks": [
                  "Last"
                ]
              }
            ],
            "timeouts": null,
            "timezone": "UTC"
          },
          "sensitive_attributes": [],
          "private": "eyJlMmJmYjczMC1lY2FhLTExZTYtOGY4OC0zNDM2M2JjN2M0YzAiOnsiY3JlYXRlIjoxODAwMDAwMDAwMDAwLCJkZWxldGUiOjE4MDAwMDAwMDAwMDAsInJlYWQiOjMwMDAwMDAwMDAwMCwidXBkYXRlIjoxODAwMDAwMDAwMDAwfX0=",
          "dependencies": [
            "azurerm_recovery_services_vault.backupservices-vault",
            "azurerm_resource_group.RG-PROD-01"
          ]
        }
      ]
    },
    {
      "mode": "managed",
      "type": "azurerm_network_interface",
      "name": "network-if",
      "provider": "provider[\"registry.terraform.io/hashicorp/azurerm\"]",
      "instances": [
        {
          "schema_version": 0,
          "attributes": {
            "applied_dns_servers": [],
            "dns_servers": [],
            "edge_zone": "",
            "enable_accelerated_networking": false,
            "enable_ip_forwarding": false,
            "id": "/subscriptions/5b7c7b3a-c7a9-4141-9c89-eb824610fa6f/resourceGroups/RG-PROD-01/providers/Microsoft.Network/networkInterfaces/network_if",
            "internal_dns_name_label": "",
            "internal_domain_name_suffix": "u5iyebfocvtudnis4detmw4qud.cx.internal.cloudapp.net",
            "ip_configuration": [
              {
                "gateway_load_balancer_frontend_ip_configuration_id": "",
                "name": "internal",
                "primary": true,
                "private_ip_address": "10.150.0.4",
                "private_ip_address_allocation": "Dynamic",
                "private_ip_address_version": "IPv4",
                "public_ip_address_id": "",
                "subnet_id": "/subscriptions/5b7c7b3a-c7a9-4141-9c89-eb824610fa6f/resourceGroups/RG-PROD-01/providers/Microsoft.Network/virtualNetworks/VNET-PROD/subnets/Subnet-01"
              }
            ],
            "location": "eastus2",
            "mac_address": "",
            "name": "network_if",
            "private_ip_address": "10.150.0.4",
            "private_ip_addresses": [
              "10.150.0.4"
            ],
            "resource_group_name": "RG-PROD-01",
            "tags": {
              "AMBIENTE": "PRD",
              "CREATEDBY": "los copatoon",
              "DPT": "VENTAS"
            },
            "timeouts": null,
            "virtual_machine_id": ""
          },
          "sensitive_attributes": [],
          "private": "eyJlMmJmYjczMC1lY2FhLTExZTYtOGY4OC0zNDM2M2JjN2M0YzAiOnsiY3JlYXRlIjoxODAwMDAwMDAwMDAwLCJkZWxldGUiOjE4MDAwMDAwMDAwMDAsInJlYWQiOjMwMDAwMDAwMDAwMCwidXBkYXRlIjoxODAwMDAwMDAwMDAwfX0=",
          "dependencies": [
            "azurerm_resource_group.RG-PROD-01",
            "azurerm_subnet.subnet-copa",
            "azurerm_virtual_network.vnet"
          ]
        }
      ]
    },
    {
      "mode": "managed",
      "type": "azurerm_public_ip",
      "name": "linux-PublicIp1",
      "provider": "provider[\"registry.terraform.io/hashicorp/azurerm\"]",
      "instances": [
        {
          "schema_version": 0,
          "attributes": {
            "allocation_method": "Static",
            "domain_name_label": null,
            "edge_zone": "",
            "fqdn": null,
            "id": "/subscriptions/5b7c7b3a-c7a9-4141-9c89-eb824610fa6f/resourceGroups/RG-PROD-01/providers/Microsoft.Network/publicIPAddresses/PIP-SRV-PROD-02-AZ",
            "idle_timeout_in_minutes": 4,
            "ip_address": "20.110.99.112",
            "ip_tags": {},
            "ip_version": "IPv4",
            "location": "eastus2",
            "name": "PIP-SRV-PROD-02-AZ",
            "public_ip_prefix_id": null,
            "resource_group_name": "RG-PROD-01",
            "reverse_fqdn": null,
            "sku": "Basic",
            "sku_tier": "Regional",
            "tags": {
              "AMBIENTE": "PRD",
              "CREATEDBY": "Los copatoon",
              "DPT": "VENTAS"
            },
            "timeouts": null,
            "zones": []
          },
          "sensitive_attributes": [],
          "private": "eyJlMmJmYjczMC1lY2FhLTExZTYtOGY4OC0zNDM2M2JjN2M0YzAiOnsiY3JlYXRlIjoxODAwMDAwMDAwMDAwLCJkZWxldGUiOjE4MDAwMDAwMDAwMDAsInJlYWQiOjMwMDAwMDAwMDAwMCwidXBkYXRlIjoxODAwMDAwMDAwMDAwfX0=",
          "dependencies": [
            "azurerm_resource_group.RG-PROD-01"
          ]
        }
      ]
    },
    {
      "mode": "managed",
      "type": "azurerm_public_ip",
      "name": "windows-PublicIp1",
      "provider": "provider[\"registry.terraform.io/hashicorp/azurerm\"]",
      "instances": [
        {
          "schema_version": 0,
          "attributes": {
            "allocation_method": "Static",
            "domain_name_label": null,
            "edge_zone": "",
            "fqdn": null,
            "id": "/subscriptions/5b7c7b3a-c7a9-4141-9c89-eb824610fa6f/resourceGroups/RG-PROD-01/providers/Microsoft.Network/publicIPAddresses/PIP-SRV-PROD-01-AZ",
            "idle_timeout_in_minutes": 4,
            "ip_address": "20.110.99.128",
            "ip_tags": {},
            "ip_version": "IPv4",
            "location": "eastus2",
            "name": "PIP-SRV-PROD-01-AZ",
            "public_ip_prefix_id": null,
            "resource_group_name": "RG-PROD-01",
            "reverse_fqdn": null,
            "sku": "Basic",
            "sku_tier": "Regional",
            "tags": {
              "AMBIENTE": "PRD",
              "CREATEDBY": "Los copatoon",
              "DPT": "VENTAS"
            },
            "timeouts": null,
            "zones": []
          },
          "sensitive_attributes": [],
          "private": "eyJlMmJmYjczMC1lY2FhLTExZTYtOGY4OC0zNDM2M2JjN2M0YzAiOnsiY3JlYXRlIjoxODAwMDAwMDAwMDAwLCJkZWxldGUiOjE4MDAwMDAwMDAwMDAsInJlYWQiOjMwMDAwMDAwMDAwMCwidXBkYXRlIjoxODAwMDAwMDAwMDAwfX0=",
          "dependencies": [
            "azurerm_resource_group.RG-PROD-01"
          ]
        }
      ]
    },
    {
      "mode": "managed",
      "type": "azurerm_recovery_services_vault",
      "name": "backupservices-vault",
      "provider": "provider[\"registry.terraform.io/hashicorp/azurerm\"]",
      "instances": [
        {
          "schema_version": 0,
          "attributes": {
            "cross_region_restore_enabled": false,
            "encryption": [],
            "id": "/subscriptions/5b7c7b3a-c7a9-4141-9c89-eb824610fa6f/resourceGroups/RG-PROD-01/providers/Microsoft.RecoveryServices/vaults/tfex-recovery-vault",
            "identity": [],
            "location": "eastus2",
            "name": "tfex-recovery-vault",
            "resource_group_name": "RG-PROD-01",
            "sku": "Standard",
            "soft_delete_enabled": true,
            "storage_mode_type": "GeoRedundant",
            "tags": {},
            "timeouts": null
          },
          "sensitive_attributes": [],
          "private": "eyJlMmJmYjczMC1lY2FhLTExZTYtOGY4OC0zNDM2M2JjN2M0YzAiOnsiY3JlYXRlIjoxODAwMDAwMDAwMDAwLCJkZWxldGUiOjE4MDAwMDAwMDAwMDAsInJlYWQiOjMwMDAwMDAwMDAwMCwidXBkYXRlIjoxODAwMDAwMDAwMDAwfX0=",
          "dependencies": [
            "azurerm_resource_group.RG-PROD-01"
          ]
        }
      ]
    },
    {
      "mode": "managed",
      "type": "azurerm_resource_group",
      "name": "RG-PROD-01",
      "provider": "provider[\"registry.terraform.io/hashicorp/azurerm\"]",
      "instances": [
        {
          "schema_version": 0,
          "attributes": {
            "id": "/subscriptions/5b7c7b3a-c7a9-4141-9c89-eb824610fa6f/resourceGroups/RG-PROD-01",
            "location": "eastus2",
            "name": "RG-PROD-01",
            "tags": {
              "AMBIENTE": "PRD",
              "CREATEDBY": "los copatoon",
              "DPT": "VENTAS"
            },
            "timeouts": null
          },
          "sensitive_attributes": [],
          "private": "eyJlMmJmYjczMC1lY2FhLTExZTYtOGY4OC0zNDM2M2JjN2M0YzAiOnsiY3JlYXRlIjo1NDAwMDAwMDAwMDAwLCJkZWxldGUiOjU0MDAwMDAwMDAwMDAsInJlYWQiOjMwMDAwMDAwMDAwMCwidXBkYXRlIjo1NDAwMDAwMDAwMDAwfX0="
        }
      ]
    },
    {
      "mode": "managed",
      "type": "azurerm_subnet",
      "name": "subnet-copa",
      "provider": "provider[\"registry.terraform.io/hashicorp/azurerm\"]",
      "instances": [
        {
          "schema_version": 0,
          "attributes": {
            "address_prefixes": [
              "10.150.0.0/24"
            ],
            "delegation": [],
            "enforce_private_link_endpoint_network_policies": false,
            "enforce_private_link_service_network_policies": false,
            "id": "/subscriptions/5b7c7b3a-c7a9-4141-9c89-eb824610fa6f/resourceGroups/RG-PROD-01/providers/Microsoft.Network/virtualNetworks/VNET-PROD/subnets/Subnet-01",
            "name": "Subnet-01",
            "private_endpoint_network_policies_enabled": true,
            "private_link_service_network_policies_enabled": true,
            "resource_group_name": "RG-PROD-01",
            "service_endpoint_policy_ids": [],
            "service_endpoints": [],
            "timeouts": null,
            "virtual_network_name": "VNET-PROD"
          },
          "sensitive_attributes": [],
          "private": "eyJlMmJmYjczMC1lY2FhLTExZTYtOGY4OC0zNDM2M2JjN2M0YzAiOnsiY3JlYXRlIjoxODAwMDAwMDAwMDAwLCJkZWxldGUiOjE4MDAwMDAwMDAwMDAsInJlYWQiOjMwMDAwMDAwMDAwMCwidXBkYXRlIjoxODAwMDAwMDAwMDAwfX0=",
          "dependencies": [
            "azurerm_resource_group.RG-PROD-01",
            "azurerm_virtual_network.vnet"
          ]
        }
      ]
    },
    {
      "mode": "managed",
      "type": "azurerm_virtual_network",
      "name": "vnet",
      "provider": "provider[\"registry.terraform.io/hashicorp/azurerm\"]",
      "instances": [
        {
          "schema_version": 0,
          "attributes": {
            "address_space": [
              "10.150.0.0/16"
            ],
            "bgp_community": "",
            "ddos_protection_plan": [],
            "dns_servers": [],
            "edge_zone": "",
            "flow_timeout_in_minutes": 0,
            "guid": "0482d1a7-15ae-4167-b512-f0c9365bd0a3",
            "id": "/subscriptions/5b7c7b3a-c7a9-4141-9c89-eb824610fa6f/resourceGroups/RG-PROD-01/providers/Microsoft.Network/virtualNetworks/VNET-PROD",
            "location": "eastus2",
            "name": "VNET-PROD",
            "resource_group_name": "RG-PROD-01",
            "subnet": [
              {
                "address_prefix": "10.150.0.0/24",
                "id": "/subscriptions/5b7c7b3a-c7a9-4141-9c89-eb824610fa6f/resourceGroups/RG-PROD-01/providers/Microsoft.Network/virtualNetworks/VNET-PROD/subnets/Subnet-01",
                "name": "Subnet-01",
                "security_group": ""
              }
            ],
            "tags": {
              "AMBIENTE": "PRD",
              "CREATEDBY": "los copatoon",
              "DPT": "VENTAS"
            },
            "timeouts": null
          },
          "sensitive_attributes": [],
          "private": "eyJlMmJmYjczMC1lY2FhLTExZTYtOGY4OC0zNDM2M2JjN2M0YzAiOnsiY3JlYXRlIjoxODAwMDAwMDAwMDAwLCJkZWxldGUiOjE4MDAwMDAwMDAwMDAsInJlYWQiOjMwMDAwMDAwMDAwMCwidXBkYXRlIjoxODAwMDAwMDAwMDAwfX0=",
          "dependencies": [
            "azurerm_resource_group.RG-PROD-01"
          ]
        }
      ]
    },
    {
      "mode": "managed",
      "type": "azurerm_windows_virtual_machine",
      "name": "windows-vm",
      "provider": "provider[\"registry.terraform.io/hashicorp/azurerm\"]",
      "instances": [
        {
          "schema_version": 0,
          "attributes": {
            "additional_capabilities": [],
            "additional_unattend_content": [],
            "admin_password": "Copatoon2022",
            "admin_username": "copatoon",
            "allow_extension_operations": true,
            "availability_set_id": "",
            "boot_diagnostics": [],
            "capacity_reservation_group_id": "",
            "computer_name": "SRV-PROD-01-AZ",
            "custom_data": null,
            "dedicated_host_group_id": "",
            "dedicated_host_id": "",
            "edge_zone": "",
            "enable_automatic_updates": true,
            "encryption_at_host_enabled": false,
            "eviction_policy": "",
            "extensions_time_budget": "PT1H30M",
            "gallery_application": [],
            "hotpatching_enabled": false,
            "id": "/subscriptions/5b7c7b3a-c7a9-4141-9c89-eb824610fa6f/resourceGroups/RG-PROD-01/providers/Microsoft.Compute/virtualMachines/SRV-PROD-01-AZ",
            "identity": [],
            "license_type": "",
            "location": "eastus2",
            "max_bid_price": -1,
            "name": "SRV-PROD-01-AZ",
            "network_interface_ids": [
              "/subscriptions/5b7c7b3a-c7a9-4141-9c89-eb824610fa6f/resourceGroups/RG-PROD-01/providers/Microsoft.Network/networkInterfaces/network_if"
            ],
            "os_disk": [
              {
                "caching": "ReadWrite",
                "diff_disk_settings": [],
                "disk_encryption_set_id": "",
                "disk_size_gb": 128,
                "name": "SRV-PROD-01-AZ_OsDisk_1_ca8f7ba6ec754ccbb2874884c86a8a49",
                "secure_vm_disk_encryption_set_id": "",
                "security_encryption_type": "",
                "storage_account_type": "Premium_LRS",
                "write_accelerator_enabled": false
              }
            ],
            "patch_assessment_mode": "ImageDefault",
            "patch_mode": "AutomaticByOS",
            "plan": [],
            "platform_fault_domain": -1,
            "priority": "Regular",
            "private_ip_address": "10.150.0.4",
            "private_ip_addresses": [
              "10.150.0.4"
            ],
            "provision_vm_agent": true,
            "proximity_placement_group_id": "",
            "public_ip_address": "",
            "public_ip_addresses": [],
            "resource_group_name": "RG-PROD-01",
            "secret": [],
            "secure_boot_enabled": false,
            "size": "Standard_B2s",
            "source_image_id": "",
            "source_image_reference": [
              {
                "offer": "WindowsServer",
                "publisher": "MicrosoftWindowsServer",
                "sku": "2019-Datacenter",
                "version": "latest"
              }
            ],
            "tags": {
              "AMBIENTE": "PRD",
              "CREATEDBY": "Los copatoon",
              "DPT": "VENTAS"
            },
            "termination_notification": null,
            "timeouts": null,
            "timezone": "",
            "user_data": "",
            "virtual_machine_id": "8cbad68e-1718-4eb5-b636-12af07f31ec3",
            "virtual_machine_scale_set_id": "",
            "vtpm_enabled": false,
            "winrm_listener": [],
            "zone": ""
          },
          "sensitive_attributes": [],
          "private": "eyJlMmJmYjczMC1lY2FhLTExZTYtOGY4OC0zNDM2M2JjN2M0YzAiOnsiY3JlYXRlIjoyNzAwMDAwMDAwMDAwLCJkZWxldGUiOjI3MDAwMDAwMDAwMDAsInJlYWQiOjMwMDAwMDAwMDAwMCwidXBkYXRlIjoyNzAwMDAwMDAwMDAwfX0=",
          "dependencies": [
            "azurerm_network_interface.network-if",
            "azurerm_resource_group.RG-PROD-01",
            "azurerm_subnet.subnet-copa",
            "azurerm_virtual_network.vnet"
          ]
        }
      ]
    }
  ],
  "check_results": []
}
