{
  "version": 4,
  "terraform_version": "1.3.0",
  "serial": 49,
  "lineage": "01a7d1b6-cf63-beaa-95cf-60de76d44760",
  "outputs": {},
  "resources": [
    {
      "mode": "managed",
      "type": "azurerm_resource_group",
      "name": "copamonitor-rg",
      "provider": "provider[\"registry.terraform.io/hashicorp/azurerm\"]",
      "instances": [
        {
          "schema_version": 0,
          "attributes": {
            "id": "/subscriptions/5b7c7b3a-c7a9-4141-9c89-eb824610fa6f/resourceGroups/copamonitor-rg",
            "location": "southcentralus",
            "name": "copamonitor-rg",
            "tags": {
              "AMBIENTE": "PRD",
              "CREATEDBY": "Los copatoon",
              "DEPT": "VENTAS"
            },
            "timeouts": null
          },
          "sensitive_attributes": [],
          "private": "eyJlMmJmYjczMC1lY2FhLTExZTYtOGY4OC0zNDM2M2JjN2M0YzAiOnsiY3JlYXRlIjo1NDAwMDAwMDAwMDAwLCJkZWxldGUiOjU0MDAwMDAwMDAwMDAsInJlYWQiOjMwMDAwMDAwMDAwMCwidXBkYXRlIjo1NDAwMDAwMDAwMDAwfX0="
        }
      ]
    }
  ],
  "check_results": []
}
