{
  "version": 4,
  "terraform_version": "1.3.0",
  "serial": 55,
  "lineage": "01a7d1b6-cf63-beaa-95cf-60de76d44760",
  "outputs": {},
  "resources": [
    {
      "mode": "managed",
      "type": "azurerm_app_service_source_control",
      "name": "sourcecontrol",
      "provider": "provider[\"registry.terraform.io/hashicorp/azurerm\"]",
      "instances": [
        {
          "schema_version": 0,
          "attributes": {
            "app_id": "/subscriptions/5b7c7b3a-c7a9-4141-9c89-eb824610fa6f/resourceGroups/copamonitor-rg/providers/Microsoft.Web/sites/app-copa-02",
            "branch": "master",
            "github_action_configuration": [],
            "id": "/subscriptions/5b7c7b3a-c7a9-4141-9c89-eb824610fa6f/resourceGroups/copamonitor-rg/providers/Microsoft.Web/sites/app-copa-02",
            "repo_url": "https://github.com/iukion/CopaHackathon_html_base",
            "rollback_enabled": false,
            "scm_type": "ExternalGit",
            "timeouts": null,
            "use_local_git": false,
            "use_manual_integration": true,
            "use_mercurial": false,
            "uses_github_action": false
          },
          "sensitive_attributes": [],
          "private": "eyJlMmJmYjczMC1lY2FhLTExZTYtOGY4OC0zNDM2M2JjN2M0YzAiOnsiY3JlYXRlIjoxODAwMDAwMDAwMDAwLCJkZWxldGUiOjE4MDAwMDAwMDAwMDAsInJlYWQiOjMwMDAwMDAwMDAwMH19",
          "dependencies": [
            "azurerm_linux_web_app.webapp",
            "azurerm_resource_group.copamonitor-rg",
            "azurerm_service_plan.appserviceplan"
          ]
        }
      ]
    },
    {
      "mode": "managed",
      "type": "azurerm_linux_web_app",
      "name": "webapp",
      "provider": "provider[\"registry.terraform.io/hashicorp/azurerm\"]",
      "instances": [
        {
          "schema_version": 0,
          "attributes": {
            "app_settings": null,
            "auth_settings": [
              {
                "active_directory": [],
                "additional_login_parameters": {},
                "allowed_external_redirect_urls": [],
                "default_provider": "",
                "enabled": false,
                "facebook": [],
                "github": [],
                "google": [],
                "issuer": "",
                "microsoft": [],
                "runtime_version": "",
                "token_refresh_extension_hours": 0,
                "token_store_enabled": false,
                "twitter": [],
                "unauthenticated_client_action": ""
              }
            ],
            "backup": [],
            "client_affinity_enabled": false,
            "client_certificate_enabled": false,
            "client_certificate_mode": "Required",
            "connection_string": [],
            "custom_domain_verification_id": "C747713FE7B4DF338C5DD22F20CC320DC9A2E64A7D0779BBF02BA49D22CE8A4C",
            "default_hostname": "app-copa-02.azurewebsites.net",
            "enabled": true,
            "https_only": true,
            "id": "/subscriptions/5b7c7b3a-c7a9-4141-9c89-eb824610fa6f/resourceGroups/copamonitor-rg/providers/Microsoft.Web/sites/app-copa-02",
            "identity": [],
            "key_vault_reference_identity_id": "SystemAssigned",
            "kind": "app,linux",
            "location": "southcentralus",
            "logs": [],
            "name": "app-copa-02",
            "outbound_ip_address_list": [
              "52.153.117.135",
              "52.153.117.160",
              "52.153.117.167",
              "52.153.117.189",
              "52.153.117.234",
              "13.66.88.212",
              "40.119.12.19"
            ],
            "outbound_ip_addresses": "52.153.117.135,52.153.117.160,52.153.117.167,52.153.117.189,52.153.117.234,13.66.88.212,40.119.12.19",
            "possible_outbound_ip_address_list": [
              "52.153.117.30",
              "52.153.117.35",
              "52.153.117.36",
              "52.153.117.110",
              "52.153.115.243",
              "52.153.117.120",
              "52.153.117.135",
              "52.153.117.160",
              "52.153.117.167",
              "52.153.117.189",
              "52.153.117.234",
              "13.66.88.212",
              "13.66.88.236",
              "13.66.88.237",
              "13.66.89.90",
              "13.66.89.91",
              "13.66.89.92",
              "13.66.89.93",
              "20.118.64.108",
              "20.118.64.123",
              "52.153.255.149",
              "20.118.64.126",
              "20.118.64.160",
              "20.118.64.165",
              "40.119.12.19"
            ],
            "possible_outbound_ip_addresses": "52.153.117.30,52.153.117.35,52.153.117.36,52.153.117.110,52.153.115.243,52.153.117.120,52.153.117.135,52.153.117.160,52.153.117.167,52.153.117.189,52.153.117.234,13.66.88.212,13.66.88.236,13.66.88.237,13.66.89.90,13.66.89.91,13.66.89.92,13.66.89.93,20.118.64.108,20.118.64.123,52.153.255.149,20.118.64.126,20.118.64.160,20.118.64.165,40.119.12.19",
            "resource_group_name": "copamonitor-rg",
            "service_plan_id": "/subscriptions/5b7c7b3a-c7a9-4141-9c89-eb824610fa6f/resourceGroups/copamonitor-rg/providers/Microsoft.Web/serverfarms/plan-copa-02",
            "site_config": [
              {
                "always_on": true,
                "api_definition_url": "",
                "api_management_api_id": "",
                "app_command_line": "",
                "application_stack": [
                  {
                    "docker_image": "",
                    "docker_image_tag": "",
                    "dotnet_version": "",
                    "java_server": "",
                    "java_server_version": "",
                    "java_version": "",
                    "node_version": "",
                    "php_version": "",
                    "python_version": "",
                    "ruby_version": ""
                  }
                ],
                "auto_heal_enabled": false,
                "auto_heal_setting": [],
                "container_registry_managed_identity_client_id": "",
                "container_registry_use_managed_identity": false,
                "cors": [],
                "default_documents": [
                  "Default.htm",
                  "Default.html",
                  "Default.asp",
                  "index.htm",
                  "index.html",
                  "iisstart.htm",
                  "default.aspx",
                  "index.php",
                  "hostingstart.html"
                ],
                "detailed_error_logging_enabled": false,
                "ftps_state": "Disabled",
                "health_check_eviction_time_in_min": 0,
                "health_check_path": "",
                "http2_enabled": false,
                "ip_restriction": [],
                "linux_fx_version": "",
                "load_balancing_mode": "LeastRequests",
                "local_mysql_enabled": false,
                "managed_pipeline_mode": "Integrated",
                "minimum_tls_version": "1.2",
                "remote_debugging_enabled": false,
                "remote_debugging_version": "VS2019",
                "scm_ip_restriction": [],
                "scm_minimum_tls_version": "1.2",
                "scm_type": "None",
                "scm_use_main_ip_restriction": false,
                "use_32_bit_worker": true,
                "vnet_route_all_enabled": false,
                "websockets_enabled": false,
                "worker_count": 1
              }
            ],
            "site_credential": [
              {
                "name": "$app-copa-02",
                "password": "t0vesfZMc4P3pP1oPbLclm6PkQZHXqY84wAv7zCKqsahGHSle7ayAtPQZPXP"
              }
            ],
            "sticky_settings": [],
            "storage_account": [],
            "tags": {
              "AMBIENTE": "PRD",
              "CREATEDBY": "Los copatoon",
              "DEPT": "VENTAS"
            },
            "timeouts": null,
            "virtual_network_subnet_id": "",
            "zip_deploy_file": ""
          },
          "sensitive_attributes": [],
          "private": "eyJlMmJmYjczMC1lY2FhLTExZTYtOGY4OC0zNDM2M2JjN2M0YzAiOnsiY3JlYXRlIjoxODAwMDAwMDAwMDAwLCJkZWxldGUiOjE4MDAwMDAwMDAwMDAsInJlYWQiOjMwMDAwMDAwMDAwMCwidXBkYXRlIjoxODAwMDAwMDAwMDAwfX0=",
          "dependencies": [
            "azurerm_resource_group.copamonitor-rg",
            "azurerm_service_plan.appserviceplan"
          ]
        }
      ]
    },
    {
      "mode": "managed",
      "type": "azurerm_resource_group",
      "name": "copamonitor-rg",
      "provider": "provider[\"registry.terraform.io/hashicorp/azurerm\"]",
      "instances": [
        {
          "schema_version": 0,
          "attributes": {
            "id": "/subscriptions/5b7c7b3a-c7a9-4141-9c89-eb824610fa6f/resourceGroups/copamonitor-rg",
            "location": "southcentralus",
            "name": "copamonitor-rg",
            "tags": {
              "AMBIENTE": "PRD",
              "CREATEDBY": "Los copatoon",
              "DEPT": "VENTAS"
            },
            "timeouts": null
          },
          "sensitive_attributes": [],
          "private": "eyJlMmJmYjczMC1lY2FhLTExZTYtOGY4OC0zNDM2M2JjN2M0YzAiOnsiY3JlYXRlIjo1NDAwMDAwMDAwMDAwLCJkZWxldGUiOjU0MDAwMDAwMDAwMDAsInJlYWQiOjMwMDAwMDAwMDAwMCwidXBkYXRlIjo1NDAwMDAwMDAwMDAwfX0="
        }
      ]
    },
    {
      "mode": "managed",
      "type": "azurerm_service_plan",
      "name": "appserviceplan",
      "provider": "provider[\"registry.terraform.io/hashicorp/azurerm\"]",
      "instances": [
        {
          "schema_version": 0,
          "attributes": {
            "app_service_environment_id": "",
            "id": "/subscriptions/5b7c7b3a-c7a9-4141-9c89-eb824610fa6f/resourceGroups/copamonitor-rg/providers/Microsoft.Web/serverfarms/plan-copa-02",
            "kind": "linux",
            "location": "southcentralus",
            "maximum_elastic_worker_count": 1,
            "name": "plan-copa-02",
            "os_type": "Linux",
            "per_site_scaling_enabled": false,
            "reserved": true,
            "resource_group_name": "copamonitor-rg",
            "sku_name": "P1v2",
            "tags": {
              "AMBIENTE": "PRD",
              "CREATEDBY": "Los copatoon",
              "DEPT": "VENTAS"
            },
            "timeouts": null,
            "worker_count": 1,
            "zone_balancing_enabled": false
          },
          "sensitive_attributes": [],
          "private": "eyJlMmJmYjczMC1lY2FhLTExZTYtOGY4OC0zNDM2M2JjN2M0YzAiOnsiY3JlYXRlIjozNjAwMDAwMDAwMDAwLCJkZWxldGUiOjM2MDAwMDAwMDAwMDAsInJlYWQiOjMwMDAwMDAwMDAwMCwidXBkYXRlIjozNjAwMDAwMDAwMDAwfX0=",
          "dependencies": [
            "azurerm_resource_group.copamonitor-rg"
          ]
        }
      ]
    },
    {
      "mode": "managed",
      "type": "azurerm_storage_account",
      "name": "accountstg2",
      "provider": "provider[\"registry.terraform.io/hashicorp/azurerm\"]",
      "instances": [
        {
          "schema_version": 3,
          "attributes": {
            "access_tier": "Hot",
            "account_kind": "StorageV2",
            "account_replication_type": "GRS",
            "account_tier": "Standard",
            "allow_nested_items_to_be_public": true,
            "azure_files_authentication": [],
            "blob_properties": [
              {
                "change_feed_enabled": false,
                "change_feed_retention_in_days": 0,
                "container_delete_retention_policy": [],
                "cors_rule": [],
                "default_service_version": "",
                "delete_retention_policy": [],
                "last_access_time_enabled": false,
                "versioning_enabled": false
              }
            ],
            "cross_tenant_replication_enabled": true,
            "custom_domain": [],
            "customer_managed_key": [],
            "default_to_oauth_authentication": false,
            "edge_zone": "",
            "enable_https_traffic_only": true,
            "id": "/subscriptions/5b7c7b3a-c7a9-4141-9c89-eb824610fa6f/resourceGroups/copamonitor-rg/providers/Microsoft.Storage/storageAccounts/accountstg2",
            "identity": [],
            "infrastructure_encryption_enabled": false,
            "is_hns_enabled": false,
            "large_file_share_enabled": null,
            "location": "southcentralus",
            "min_tls_version": "TLS1_2",
            "name": "accountstg2",
            "network_rules": [
              {
                "bypass": [
                  "AzureServices"
                ],
                "default_action": "Allow",
                "ip_rules": [],
                "private_link_access": [],
                "virtual_network_subnet_ids": []
              }
            ],
            "nfsv3_enabled": false,
            "primary_access_key": "3i3XWEQyi+vwrtfVxWxm6qHqVNNYE4PaaNiiNreVrqSoDtartcVxd0PKDHxb30Eo8XQHYY941tMp+ASthYNQmg==",
            "primary_blob_connection_string": "DefaultEndpointsProtocol=https;BlobEndpoint=https://accountstg2.blob.core.windows.net/;AccountName=accountstg2;AccountKey=3i3XWEQyi+vwrtfVxWxm6qHqVNNYE4PaaNiiNreVrqSoDtartcVxd0PKDHxb30Eo8XQHYY941tMp+ASthYNQmg==",
            "primary_blob_endpoint": "https://accountstg2.blob.core.windows.net/",
            "primary_blob_host": "accountstg2.blob.core.windows.net",
            "primary_connection_string": "DefaultEndpointsProtocol=https;AccountName=accountstg2;AccountKey=3i3XWEQyi+vwrtfVxWxm6qHqVNNYE4PaaNiiNreVrqSoDtartcVxd0PKDHxb30Eo8XQHYY941tMp+ASthYNQmg==;EndpointSuffix=core.windows.net",
            "primary_dfs_endpoint": "https://accountstg2.dfs.core.windows.net/",
            "primary_dfs_host": "accountstg2.dfs.core.windows.net",
            "primary_file_endpoint": "https://accountstg2.file.core.windows.net/",
            "primary_file_host": "accountstg2.file.core.windows.net",
            "primary_location": "southcentralus",
            "primary_queue_endpoint": "https://accountstg2.queue.core.windows.net/",
            "primary_queue_host": "accountstg2.queue.core.windows.net",
            "primary_table_endpoint": "https://accountstg2.table.core.windows.net/",
            "primary_table_host": "accountstg2.table.core.windows.net",
            "primary_web_endpoint": "https://accountstg2.z21.web.core.windows.net/",
            "primary_web_host": "accountstg2.z21.web.core.windows.net",
            "public_network_access_enabled": true,
            "queue_encryption_key_type": "Service",
            "queue_properties": [
              {
                "cors_rule": [],
                "hour_metrics": [
                  {
                    "enabled": true,
                    "include_apis": true,
                    "retention_policy_days": 7,
                    "version": "1.0"
                  }
                ],
                "logging": [
                  {
                    "delete": false,
                    "read": false,
                    "retention_policy_days": 0,
                    "version": "1.0",
                    "write": false
                  }
                ],
                "minute_metrics": [
                  {
                    "enabled": false,
                    "include_apis": false,
                    "retention_policy_days": 0,
                    "version": "1.0"
                  }
                ]
              }
            ],
            "resource_group_name": "copamonitor-rg",
            "routing": [],
            "secondary_access_key": "l9c7igvgKI8AT6eCV8P5DoyCpFa2vAh90F98PunXccEnAFQDa61SRDPlmz1pyYu2ZktUWqadxacS+AStYDg45A==",
            "secondary_blob_connection_string": "",
            "secondary_blob_endpoint": null,
            "secondary_blob_host": null,
            "secondary_connection_string": "DefaultEndpointsProtocol=https;AccountName=accountstg2;AccountKey=l9c7igvgKI8AT6eCV8P5DoyCpFa2vAh90F98PunXccEnAFQDa61SRDPlmz1pyYu2ZktUWqadxacS+AStYDg45A==;EndpointSuffix=core.windows.net",
            "secondary_dfs_endpoint": null,
            "secondary_dfs_host": null,
            "secondary_file_endpoint": null,
            "secondary_file_host": null,
            "secondary_location": "northcentralus",
            "secondary_queue_endpoint": null,
            "secondary_queue_host": null,
            "secondary_table_endpoint": null,
            "secondary_table_host": null,
            "secondary_web_endpoint": null,
            "secondary_web_host": null,
            "share_properties": [
              {
                "cors_rule": [],
                "retention_policy": [
                  {
                    "days": 7
                  }
                ],
                "smb": []
              }
            ],
            "shared_access_key_enabled": true,
            "static_website": [],
            "table_encryption_key_type": "Service",
            "tags": {
              "AMBIENTE": "PRD",
              "CREATEDBY": "Los copatoon",
              "DEPT": "VENTAS"
            },
            "timeouts": null
          },
          "sensitive_attributes": [],
          "private": "eyJlMmJmYjczMC1lY2FhLTExZTYtOGY4OC0zNDM2M2JjN2M0YzAiOnsiY3JlYXRlIjozNjAwMDAwMDAwMDAwLCJkZWxldGUiOjM2MDAwMDAwMDAwMDAsInJlYWQiOjMwMDAwMDAwMDAwMCwidXBkYXRlIjozNjAwMDAwMDAwMDAwfSwic2NoZW1hX3ZlcnNpb24iOiIzIn0=",
          "dependencies": [
            "azurerm_resource_group.copamonitor-rg"
          ]
        }
      ]
    }
  ],
  "check_results": []
}
